
Microsoft Visual Studio Solution File, Format Version 12.00
# Visual Studio Version 16
VisualStudioVersion = 16.0.31424.327
MinimumVisualStudioVersion = 10.0.40219.1
Project("{9A19103F-16F7-4668-BE54-9A1E7A4F7556}") = "WebstorePhones.Console", "WebstorePhones.Console.csproj", "{E46C6123-F693-4629-B514-C2F9A40AD247}"
EndProject
Project("{FAE04EC0-301F-11D3-BF4B-00C04F79EFBC}") = "WebstorePhones.Business", "WebstorePhones.Business\WebstorePhones.Business.csproj", "{E0BADB0C-EA2D-4212-9108-EA05B099D516}"
EndProject
Project("{FAE04EC0-301F-11D3-BF4B-00C04F79EFBC}") = "WebstorePhones.Domain", "WebstorePhones.Domain\WebstorePhones.Domain.csproj", "{8B33EAC9-F1DD-4E9F-B18A-CB755D6FCBB4}"
EndProject
Global
	GlobalSection(SolutionConfigurationPlatforms) = preSolution
		Debug|Any CPU = Debug|Any CPU
		Release|Any CPU = Release|Any CPU
	EndGlobalSection
	GlobalSection(ProjectConfigurationPlatforms) = postSolution
		{E46C6123-F693-4629-B514-C2F9A40AD247}.Debug|Any CPU.ActiveCfg = Debug|Any CPU
		{E46C6123-F693-4629-B514-C2F9A40AD247}.Debug|Any CPU.Build.0 = Debug|Any CPU
		{E46C6123-F693-4629-B514-C2F9A40AD247}.Release|Any CPU.ActiveCfg = Release|Any CPU
		{E46C6123-F693-4629-B514-C2F9A40AD247}.Release|Any CPU.Build.0 = Release|Any CPU
		{E0BADB0C-EA2D-4212-9108-EA05B099D516}.Debug|Any CPU.ActiveCfg = Debug|Any CPU
		{E0BADB0C-EA2D-4212-9108-EA05B099D516}.Debug|Any CPU.Build.0 = Debug|Any CPU
		{E0BADB0C-EA2D-4212-9108-EA05B099D516}.Release|Any CPU.ActiveCfg = Release|Any CPU
		{E0BADB0C-EA2D-4212-9108-EA05B099D516}.Release|Any CPU.Build.0 = Release|Any CPU
		{8B33EAC9-F1DD-4E9F-B18A-CB755D6FCBB4}.Debug|Any CPU.ActiveCfg = Debug|Any CPU
		{8B33EAC9-F1DD-4E9F-B18A-CB755D6FCBB4}.Debug|Any CPU.Build.0 = Debug|Any CPU
		{8B33EAC9-F1DD-4E9F-B18A-CB755D6FCBB4}.Release|Any CPU.ActiveCfg = Release|Any CPU
		{8B33EAC9-F1DD-4E9F-B18A-CB755D6FCBB4}.Release|Any CPU.Build.0 = Release|Any CPU
	EndGlobalSection
	GlobalSection(SolutionProperties) = preSolution
		HideSolutionNode = FALSE
	EndGlobalSection
	GlobalSection(ExtensibilityGlobals) = postSolution
		SolutionGuid = {3B6B6727-9B97-4CD4-95EF-41CACC09D7F6}
	EndGlobalSection
EndGlobal
